
Microsoft Visual Studio Solution File, Format Version 12.00
# Visual Studio 15
VisualStudioVersion = 15.0.28307.645
MinimumVisualStudioVersion = 10.0.40219.1
Project("{FAE04EC0-301F-11D3-BF4B-00C04F79EFBC}") = "Logistika360.ERP.ERPADMIN.Presentacion", "Logistika360.ERP.ERPADMIN.Presentacion\Logistika360.ERP.ERPADMIN.Presentacion.csproj", "{7C96ABBA-70E4-4ED8-AAEB-931EFC3EB760}"
EndProject
Project("{FAE04EC0-301F-11D3-BF4B-00C04F79EFBC}") = "Logistika360.ERP.ERPADMIN.DataAccess", "Logistika360.ERP.ERPADMIN.DataAccess\Logistika360.ERP.ERPADMIN.DataAccess.csproj", "{52F6EE4C-9A7A-4763-A63A-FAE73BBBCCE3}"
EndProject
Project("{FAE04EC0-301F-11D3-BF4B-00C04F79EFBC}") = "Logistika360.ERP.ERPADMIN.Domain", "Logistika360.ERP.ERPADMIN.Donain\Logistika360.ERP.ERPADMIN.Domain.csproj", "{2AA855B0-7CDA-476D-A83A-38EABE59DF42}"
EndProject
Project("{FAE04EC0-301F-11D3-BF4B-00C04F79EFBC}") = "Logistika360.ERP.ERPADMIN.Common", "Logistika360.ERP.ERPADMIN.Common\Logistika360.ERP.ERPADMIN.Common.csproj", "{0C3F8F03-3830-471C-AA0F-DE7255D5B3E9}"
EndProject
Project("{FAE04EC0-301F-11D3-BF4B-00C04F79EFBC}") = "Logistika360.ERP.AS.Common", "Logistika360.ERP.AS.Common\Logistika360.ERP.AS.Common.csproj", "{DE0C01B6-8D29-4F05-B585-DC902DC4F875}"
EndProject
Project("{FAE04EC0-301F-11D3-BF4B-00C04F79EFBC}") = "Logistika360.ERP.AS.DataAccess", "Logistika360.ERP.AS.DataAccess\Logistika360.ERP.AS.DataAccess.csproj", "{64EE8B06-8A0E-4196-A9F4-F38FC9FA898F}"
EndProject
Project("{FAE04EC0-301F-11D3-BF4B-00C04F79EFBC}") = "Logistika360.ERP.AS.Domain", "Logistika360.ERP.AS.Domain\Logistika360.ERP.AS.Domain.csproj", "{E5A6332F-6C25-4C27-AEB6-169F2CD68E5B}"
EndProject
Project("{FAE04EC0-301F-11D3-BF4B-00C04F79EFBC}") = "Logistika360.ERP.AS.Presentacion", "Logistika360.ERP.AS.Presentacion\Logistika360.ERP.AS.Presentacion.csproj", "{C9CE81AC-0B7C-4964-9E62-B5C5090A0C5C}"
EndProject
Project("{2150E333-8FDC-42A3-9474-1A3956D46DE8}") = "Finaciero", "Finaciero", "{A1BEB70D-0F98-446A-98E3-A9657613ED32}"
EndProject
Project("{2150E333-8FDC-42A3-9474-1A3956D46DE8}") = "Comercial", "Comercial", "{9E9DCCBA-AA9E-42A6-8420-8859544064BE}"
EndProject
Project("{2150E333-8FDC-42A3-9474-1A3956D46DE8}") = "RRHH", "RRHH", "{946F61EA-833F-4C4B-9C23-4F5B1844A680}"
EndProject
Project("{2150E333-8FDC-42A3-9474-1A3956D46DE8}") = "CG", "CG", "{56CC2685-8ED5-466C-9765-3D39834E3481}"
EndProject
Project("{2150E333-8FDC-42A3-9474-1A3956D46DE8}") = "CC", "CC", "{E67FD1B0-AB7E-48C2-AE36-A264BF6DE1FA}"
EndProject
Project("{2150E333-8FDC-42A3-9474-1A3956D46DE8}") = "CP", "CP", "{EC3B82A5-1D29-4A83-9E32-4F78600ADE8D}"
EndProject
Project("{2150E333-8FDC-42A3-9474-1A3956D46DE8}") = "CB", "CB", "{872591DF-67DC-4FD8-90D7-EF4357D21F4E}"
EndProject
Project("{2150E333-8FDC-42A3-9474-1A3956D46DE8}") = "AF", "AF", "{1D430F3C-9055-4F37-8646-54103BCF4E89}"
EndProject
Project("{2150E333-8FDC-42A3-9474-1A3956D46DE8}") = "CH", "CH", "{C06A1947-AF28-4B2E-B44D-3F8D05A8DDCB}"
EndProject
Project("{2150E333-8FDC-42A3-9474-1A3956D46DE8}") = "FA", "FA", "{04FF7B45-8B02-4F5B-9C4B-E0C9E7C0C1DB}"
EndProject
Project("{2150E333-8FDC-42A3-9474-1A3956D46DE8}") = "EV", "EV", "{7C6AEA3C-1BF5-4A38-9D1E-DCD05512A149}"
EndProject
Project("{2150E333-8FDC-42A3-9474-1A3956D46DE8}") = "Operaciones", "Operaciones", "{7E6ABEC9-F779-4F16-B3CF-F114367DCB9F}"
EndProject
Project("{2150E333-8FDC-42A3-9474-1A3956D46DE8}") = "CO", "CO", "{1CAE91E2-9B90-4AFB-B8E8-58E532A643B7}"
EndProject
Project("{2150E333-8FDC-42A3-9474-1A3956D46DE8}") = "CI", "CI", "{75803AF1-88C0-48CF-BDD1-ACCF76581E4C}"
EndProject
Project("{2150E333-8FDC-42A3-9474-1A3956D46DE8}") = "AM", "AM", "{44DCECB4-B753-418C-90C4-19138A153AAB}"
EndProject
Project("{2150E333-8FDC-42A3-9474-1A3956D46DE8}") = "CN", "CN", "{BFE90FAD-638D-4EC5-B353-68C73B355B09}"
EndProject
Project("{2150E333-8FDC-42A3-9474-1A3956D46DE8}") = "RH", "RH", "{1ECD4760-F4D5-498D-BA54-4390AFFEA11D}"
EndProject
Project("{2150E333-8FDC-42A3-9474-1A3956D46DE8}") = "Administracion", "Administracion", "{15D490E6-6B2E-4E0F-8061-FBBBBBC0066E}"
EndProject
Global
	GlobalSection(SolutionConfigurationPlatforms) = preSolution
		Debug|Any CPU = Debug|Any CPU
		Release|Any CPU = Release|Any CPU
	EndGlobalSection
	GlobalSection(ProjectConfigurationPlatforms) = postSolution
		{7C96ABBA-70E4-4ED8-AAEB-931EFC3EB760}.Debug|Any CPU.ActiveCfg = Debug|Any CPU
		{7C96ABBA-70E4-4ED8-AAEB-931EFC3EB760}.Debug|Any CPU.Build.0 = Debug|Any CPU
		{7C96ABBA-70E4-4ED8-AAEB-931EFC3EB760}.Release|Any CPU.ActiveCfg = Release|Any CPU
		{7C96ABBA-70E4-4ED8-AAEB-931EFC3EB760}.Release|Any CPU.Build.0 = Release|Any CPU
		{52F6EE4C-9A7A-4763-A63A-FAE73BBBCCE3}.Debug|Any CPU.ActiveCfg = Debug|Any CPU
		{52F6EE4C-9A7A-4763-A63A-FAE73BBBCCE3}.Debug|Any CPU.Build.0 = Debug|Any CPU
		{52F6EE4C-9A7A-4763-A63A-FAE73BBBCCE3}.Release|Any CPU.ActiveCfg = Release|Any CPU
		{52F6EE4C-9A7A-4763-A63A-FAE73BBBCCE3}.Release|Any CPU.Build.0 = Release|Any CPU
		{2AA855B0-7CDA-476D-A83A-38EABE59DF42}.Debug|Any CPU.ActiveCfg = Debug|Any CPU
		{2AA855B0-7CDA-476D-A83A-38EABE59DF42}.Debug|Any CPU.Build.0 = Debug|Any CPU
		{2AA855B0-7CDA-476D-A83A-38EABE59DF42}.Release|Any CPU.ActiveCfg = Release|Any CPU
		{2AA855B0-7CDA-476D-A83A-38EABE59DF42}.Release|Any CPU.Build.0 = Release|Any CPU
		{0C3F8F03-3830-471C-AA0F-DE7255D5B3E9}.Debug|Any CPU.ActiveCfg = Debug|Any CPU
		{0C3F8F03-3830-471C-AA0F-DE7255D5B3E9}.Debug|Any CPU.Build.0 = Debug|Any CPU
		{0C3F8F03-3830-471C-AA0F-DE7255D5B3E9}.Release|Any CPU.ActiveCfg = Release|Any CPU
		{0C3F8F03-3830-471C-AA0F-DE7255D5B3E9}.Release|Any CPU.Build.0 = Release|Any CPU
		{DE0C01B6-8D29-4F05-B585-DC902DC4F875}.Debug|Any CPU.ActiveCfg = Debug|Any CPU
		{DE0C01B6-8D29-4F05-B585-DC902DC4F875}.Debug|Any CPU.Build.0 = Debug|Any CPU
		{DE0C01B6-8D29-4F05-B585-DC902DC4F875}.Release|Any CPU.ActiveCfg = Release|Any CPU
		{DE0C01B6-8D29-4F05-B585-DC902DC4F875}.Release|Any CPU.Build.0 = Release|Any CPU
		{64EE8B06-8A0E-4196-A9F4-F38FC9FA898F}.Debug|Any CPU.ActiveCfg = Debug|Any CPU
		{64EE8B06-8A0E-4196-A9F4-F38FC9FA898F}.Debug|Any CPU.Build.0 = Debug|Any CPU
		{64EE8B06-8A0E-4196-A9F4-F38FC9FA898F}.Release|Any CPU.ActiveCfg = Release|Any CPU
		{64EE8B06-8A0E-4196-A9F4-F38FC9FA898F}.Release|Any CPU.Build.0 = Release|Any CPU
		{E5A6332F-6C25-4C27-AEB6-169F2CD68E5B}.Debug|Any CPU.ActiveCfg = Debug|Any CPU
		{E5A6332F-6C25-4C27-AEB6-169F2CD68E5B}.Debug|Any CPU.Build.0 = Debug|Any CPU
		{E5A6332F-6C25-4C27-AEB6-169F2CD68E5B}.Release|Any CPU.ActiveCfg = Release|Any CPU
		{E5A6332F-6C25-4C27-AEB6-169F2CD68E5B}.Release|Any CPU.Build.0 = Release|Any CPU
		{C9CE81AC-0B7C-4964-9E62-B5C5090A0C5C}.Debug|Any CPU.ActiveCfg = Debug|Any CPU
		{C9CE81AC-0B7C-4964-9E62-B5C5090A0C5C}.Debug|Any CPU.Build.0 = Debug|Any CPU
		{C9CE81AC-0B7C-4964-9E62-B5C5090A0C5C}.Release|Any CPU.ActiveCfg = Release|Any CPU
		{C9CE81AC-0B7C-4964-9E62-B5C5090A0C5C}.Release|Any CPU.Build.0 = Release|Any CPU
	EndGlobalSection
	GlobalSection(SolutionProperties) = preSolution
		HideSolutionNode = FALSE
	EndGlobalSection
	GlobalSection(NestedProjects) = preSolution
		{56CC2685-8ED5-466C-9765-3D39834E3481} = {A1BEB70D-0F98-446A-98E3-A9657613ED32}
		{E67FD1B0-AB7E-48C2-AE36-A264BF6DE1FA} = {A1BEB70D-0F98-446A-98E3-A9657613ED32}
		{EC3B82A5-1D29-4A83-9E32-4F78600ADE8D} = {A1BEB70D-0F98-446A-98E3-A9657613ED32}
		{872591DF-67DC-4FD8-90D7-EF4357D21F4E} = {A1BEB70D-0F98-446A-98E3-A9657613ED32}
		{1D430F3C-9055-4F37-8646-54103BCF4E89} = {A1BEB70D-0F98-446A-98E3-A9657613ED32}
		{C06A1947-AF28-4B2E-B44D-3F8D05A8DDCB} = {A1BEB70D-0F98-446A-98E3-A9657613ED32}
		{04FF7B45-8B02-4F5B-9C4B-E0C9E7C0C1DB} = {9E9DCCBA-AA9E-42A6-8420-8859544064BE}
		{7C6AEA3C-1BF5-4A38-9D1E-DCD05512A149} = {9E9DCCBA-AA9E-42A6-8420-8859544064BE}
		{1CAE91E2-9B90-4AFB-B8E8-58E532A643B7} = {7E6ABEC9-F779-4F16-B3CF-F114367DCB9F}
		{75803AF1-88C0-48CF-BDD1-ACCF76581E4C} = {7E6ABEC9-F779-4F16-B3CF-F114367DCB9F}
		{44DCECB4-B753-418C-90C4-19138A153AAB} = {7E6ABEC9-F779-4F16-B3CF-F114367DCB9F}
		{BFE90FAD-638D-4EC5-B353-68C73B355B09} = {946F61EA-833F-4C4B-9C23-4F5B1844A680}
		{1ECD4760-F4D5-498D-BA54-4390AFFEA11D} = {946F61EA-833F-4C4B-9C23-4F5B1844A680}
	EndGlobalSection
	GlobalSection(ExtensibilityGlobals) = postSolution
		SolutionGuid = {36DA744D-5C0A-46E5-8FCA-5EB08C1908CF}
	EndGlobalSection
EndGlobal
