
Microsoft Visual Studio Solution File, Format Version 12.00
# Visual Studio 15
VisualStudioVersion = 15.0.28307.645
MinimumVisualStudioVersion = 10.0.40219.1
Project("{FAE04EC0-301F-11D3-BF4B-00C04F79EFBC}") = "Logistika360.ERP.ERPADMIN.Presentacion", "Logistika360.ERP.ERPADMIN.Presentacion\Logistika360.ERP.ERPADMIN.Presentacion.csproj", "{7C96ABBA-70E4-4ED8-AAEB-931EFC3EB760}"
EndProject
Project("{FAE04EC0-301F-11D3-BF4B-00C04F79EFBC}") = "Logistika360.ERP.ERPADMIN.DataAccess", "Logistika360.ERP.ERPADMIN.DataAccess\Logistika360.ERP.ERPADMIN.DataAccess.csproj", "{52F6EE4C-9A7A-4763-A63A-FAE73BBBCCE3}"
EndProject
Project("{FAE04EC0-301F-11D3-BF4B-00C04F79EFBC}") = "Logistika360.ERP.ERPADMIN.Domain", "Logistika360.ERP.ERPADMIN.Donain\Logistika360.ERP.ERPADMIN.Domain.csproj", "{2AA855B0-7CDA-476D-A83A-38EABE59DF42}"
EndProject
Project("{FAE04EC0-301F-11D3-BF4B-00C04F79EFBC}") = "Logistika360.ERP.ERPADMIN.Common", "Logistika360.ERP.ERPADMIN.Common\Logistika360.ERP.ERPADMIN.Common.csproj", "{0C3F8F03-3830-471C-AA0F-DE7255D5B3E9}"
EndProject
Global
	GlobalSection(SolutionConfigurationPlatforms) = preSolution
		Debug|Any CPU = Debug|Any CPU
		Release|Any CPU = Release|Any CPU
	EndGlobalSection
	GlobalSection(ProjectConfigurationPlatforms) = postSolution
		{7C96ABBA-70E4-4ED8-AAEB-931EFC3EB760}.Debug|Any CPU.ActiveCfg = Debug|Any CPU
		{7C96ABBA-70E4-4ED8-AAEB-931EFC3EB760}.Debug|Any CPU.Build.0 = Debug|Any CPU
		{7C96ABBA-70E4-4ED8-AAEB-931EFC3EB760}.Release|Any CPU.ActiveCfg = Release|Any CPU
		{7C96ABBA-70E4-4ED8-AAEB-931EFC3EB760}.Release|Any CPU.Build.0 = Release|Any CPU
		{52F6EE4C-9A7A-4763-A63A-FAE73BBBCCE3}.Debug|Any CPU.ActiveCfg = Debug|Any CPU
		{52F6EE4C-9A7A-4763-A63A-FAE73BBBCCE3}.Debug|Any CPU.Build.0 = Debug|Any CPU
		{52F6EE4C-9A7A-4763-A63A-FAE73BBBCCE3}.Release|Any CPU.ActiveCfg = Release|Any CPU
		{52F6EE4C-9A7A-4763-A63A-FAE73BBBCCE3}.Release|Any CPU.Build.0 = Release|Any CPU
		{2AA855B0-7CDA-476D-A83A-38EABE59DF42}.Debug|Any CPU.ActiveCfg = Debug|Any CPU
		{2AA855B0-7CDA-476D-A83A-38EABE59DF42}.Debug|Any CPU.Build.0 = Debug|Any CPU
		{2AA855B0-7CDA-476D-A83A-38EABE59DF42}.Release|Any CPU.ActiveCfg = Release|Any CPU
		{2AA855B0-7CDA-476D-A83A-38EABE59DF42}.Release|Any CPU.Build.0 = Release|Any CPU
		{0C3F8F03-3830-471C-AA0F-DE7255D5B3E9}.Debug|Any CPU.ActiveCfg = Debug|Any CPU
		{0C3F8F03-3830-471C-AA0F-DE7255D5B3E9}.Debug|Any CPU.Build.0 = Debug|Any CPU
		{0C3F8F03-3830-471C-AA0F-DE7255D5B3E9}.Release|Any CPU.ActiveCfg = Release|Any CPU
		{0C3F8F03-3830-471C-AA0F-DE7255D5B3E9}.Release|Any CPU.Build.0 = Release|Any CPU
	EndGlobalSection
	GlobalSection(SolutionProperties) = preSolution
		HideSolutionNode = FALSE
	EndGlobalSection
	GlobalSection(ExtensibilityGlobals) = postSolution
		SolutionGuid = {36DA744D-5C0A-46E5-8FCA-5EB08C1908CF}
	EndGlobalSection
EndGlobal
