
Microsoft Visual Studio Solution File, Format Version 12.00
# Visual Studio 15
VisualStudioVersion = 15.0.28307.645
MinimumVisualStudioVersion = 10.0.40219.1
Project("{FAE04EC0-301F-11D3-BF4B-00C04F79EFBC}") = "Logistika360.ERP.AS", "Logistika360.ERP.AS\Logistika360.ERP.AS.csproj", "{92F6A030-BD92-4597-87F5-2EB4BA9BD690}"
EndProject
Project("{FAE04EC0-301F-11D3-BF4B-00C04F79EFBC}") = "Logistika360ERP", "Logistika360ERP\Logistika360ERP.csproj", "{BFF3CEE0-268D-4A11-9C97-BA226AAEE4EE}"
EndProject
Project("{FAE04EC0-301F-11D3-BF4B-00C04F79EFBC}") = "Logistika360.ERP.FA", "Logistika360.ERP.FA\Logistika360.ERP.FA.csproj", "{F7435C9A-0CFF-4AF1-96BA-4151E2D27316}"
EndProject
Project("{FAE04EC0-301F-11D3-BF4B-00C04F79EFBC}") = "Logistika360.ERP.CC", "Logistika360.ERP.CC\Logistika360.ERP.CC.csproj", "{D387075A-4F67-4F0A-A4DB-12592ECF2528}"
EndProject
Project("{FAE04EC0-301F-11D3-BF4B-00C04F79EFBC}") = "Logistika360.ERP.CI", "Logistika360.ERP.CI\Logistika360.ERP.CI.csproj", "{D3E1D58B-F571-4155-B6DB-4CA727DEDE83}"
EndProject
Project("{FAE04EC0-301F-11D3-BF4B-00C04F79EFBC}") = "Logistika360.ERP.CO", "Logistika360.ERP.CO\Logistika360.ERP.CO.csproj", "{D525F4D8-87A0-4693-AD9A-45A5C188F029}"
EndProject
Project("{FAE04EC0-301F-11D3-BF4B-00C04F79EFBC}") = "Logistika360.ERP.CP", "Logistika360.ERP.CP\Logistika360.ERP.CP.csproj", "{ED21D0EC-43EB-4551-9CFA-FBEC19A7F0DB}"
EndProject
Project("{FAE04EC0-301F-11D3-BF4B-00C04F79EFBC}") = "Logistika360.ERP.CB", "Logistika360.ERP.CB\Logistika360.ERP.CB.csproj", "{DC2AAD67-65B5-43BD-B391-15A77E1FF610}"
EndProject
Project("{FAE04EC0-301F-11D3-BF4B-00C04F79EFBC}") = "Logistika360.ERP.CG", "Logistika360.ERP.CG\Logistika360.ERP.CG.csproj", "{BF1880B9-95E3-4DFA-A4B5-C7B60CCE9811}"
EndProject
Project("{FAE04EC0-301F-11D3-BF4B-00C04F79EFBC}") = "Logistika360.ERP.CH", "Logistika360.ERP.CH\Logistika360.ERP.CH.csproj", "{ACD03CC2-FAED-444C-B696-72783A5D4F27}"
EndProject
Project("{FAE04EC0-301F-11D3-BF4B-00C04F79EFBC}") = "Logistika360.ERP.CN", "Logistika360.ERP.CN\Logistika360.ERP.CN.csproj", "{60B6087E-2BA0-413B-9AE4-3A1F15374D5C}"
EndProject
Project("{FAE04EC0-301F-11D3-BF4B-00C04F79EFBC}") = "Logistika360.ERP.RH", "Logistika360.ERP.RH\Logistika360.ERP.RH.csproj", "{838D1D97-D63C-40A3-B46E-8E7B62006DCA}"
EndProject
Project("{FAE04EC0-301F-11D3-BF4B-00C04F79EFBC}") = "Logistika360.ERP.EV", "Logistika360.ERP.EV\Logistika360.ERP.EV.csproj", "{CF42F0A4-C3C6-4BDC-ABBA-BCF77C4D33C6}"
EndProject
Project("{FAE04EC0-301F-11D3-BF4B-00C04F79EFBC}") = "Logistika360.ERP.AP", "Logistika360.ERP.AP\Logistika360.ERP.AP.csproj", "{73E6939C-D1D0-465D-A0F6-00CB959349EF}"
EndProject
Project("{FAE04EC0-301F-11D3-BF4B-00C04F79EFBC}") = "Logistika360.ERP.PC", "Logistika360.ERP.PC\Logistika360.ERP.PC.csproj", "{010FC673-C229-497E-87FF-DBC3FC5001EF}"
EndProject
Project("{FAE04EC0-301F-11D3-BF4B-00C04F79EFBC}") = "Logistika360.ERP.AM", "Logistika360.ERP.AM\Logistika360.ERP.AM.csproj", "{775AA2D9-363F-4303-BEA3-8C8E1A2E06EE}"
EndProject
Project("{FAE04EC0-301F-11D3-BF4B-00C04F79EFBC}") = "Logistika360.ERP.FR", "Logistika360.ERP.FR\Logistika360.ERP.FR.csproj", "{87308F04-109E-4B98-AA22-B958F968E4A8}"
EndProject
Project("{FAE04EC0-301F-11D3-BF4B-00C04F79EFBC}") = "Logistika360.ERP.BI", "Logistika360.ERP.BI\Logistika360.ERP.BI.csproj", "{4E546CC5-B7A1-4C0F-B740-E8E1DFC5D379}"
EndProject
Global
	GlobalSection(SolutionConfigurationPlatforms) = preSolution
		Debug|Any CPU = Debug|Any CPU
		Release|Any CPU = Release|Any CPU
	EndGlobalSection
	GlobalSection(ProjectConfigurationPlatforms) = postSolution
		{92F6A030-BD92-4597-87F5-2EB4BA9BD690}.Debug|Any CPU.ActiveCfg = Debug|Any CPU
		{92F6A030-BD92-4597-87F5-2EB4BA9BD690}.Debug|Any CPU.Build.0 = Debug|Any CPU
		{92F6A030-BD92-4597-87F5-2EB4BA9BD690}.Release|Any CPU.ActiveCfg = Release|Any CPU
		{92F6A030-BD92-4597-87F5-2EB4BA9BD690}.Release|Any CPU.Build.0 = Release|Any CPU
		{BFF3CEE0-268D-4A11-9C97-BA226AAEE4EE}.Debug|Any CPU.ActiveCfg = Debug|Any CPU
		{BFF3CEE0-268D-4A11-9C97-BA226AAEE4EE}.Debug|Any CPU.Build.0 = Debug|Any CPU
		{BFF3CEE0-268D-4A11-9C97-BA226AAEE4EE}.Release|Any CPU.ActiveCfg = Release|Any CPU
		{BFF3CEE0-268D-4A11-9C97-BA226AAEE4EE}.Release|Any CPU.Build.0 = Release|Any CPU
		{F7435C9A-0CFF-4AF1-96BA-4151E2D27316}.Debug|Any CPU.ActiveCfg = Debug|Any CPU
		{F7435C9A-0CFF-4AF1-96BA-4151E2D27316}.Debug|Any CPU.Build.0 = Debug|Any CPU
		{F7435C9A-0CFF-4AF1-96BA-4151E2D27316}.Release|Any CPU.ActiveCfg = Release|Any CPU
		{F7435C9A-0CFF-4AF1-96BA-4151E2D27316}.Release|Any CPU.Build.0 = Release|Any CPU
		{D387075A-4F67-4F0A-A4DB-12592ECF2528}.Debug|Any CPU.ActiveCfg = Debug|Any CPU
		{D387075A-4F67-4F0A-A4DB-12592ECF2528}.Debug|Any CPU.Build.0 = Debug|Any CPU
		{D387075A-4F67-4F0A-A4DB-12592ECF2528}.Release|Any CPU.ActiveCfg = Release|Any CPU
		{D387075A-4F67-4F0A-A4DB-12592ECF2528}.Release|Any CPU.Build.0 = Release|Any CPU
		{D3E1D58B-F571-4155-B6DB-4CA727DEDE83}.Debug|Any CPU.ActiveCfg = Debug|Any CPU
		{D3E1D58B-F571-4155-B6DB-4CA727DEDE83}.Debug|Any CPU.Build.0 = Debug|Any CPU
		{D3E1D58B-F571-4155-B6DB-4CA727DEDE83}.Release|Any CPU.ActiveCfg = Release|Any CPU
		{D3E1D58B-F571-4155-B6DB-4CA727DEDE83}.Release|Any CPU.Build.0 = Release|Any CPU
		{D525F4D8-87A0-4693-AD9A-45A5C188F029}.Debug|Any CPU.ActiveCfg = Debug|Any CPU
		{D525F4D8-87A0-4693-AD9A-45A5C188F029}.Debug|Any CPU.Build.0 = Debug|Any CPU
		{D525F4D8-87A0-4693-AD9A-45A5C188F029}.Release|Any CPU.ActiveCfg = Release|Any CPU
		{D525F4D8-87A0-4693-AD9A-45A5C188F029}.Release|Any CPU.Build.0 = Release|Any CPU
		{ED21D0EC-43EB-4551-9CFA-FBEC19A7F0DB}.Debug|Any CPU.ActiveCfg = Debug|Any CPU
		{ED21D0EC-43EB-4551-9CFA-FBEC19A7F0DB}.Debug|Any CPU.Build.0 = Debug|Any CPU
		{ED21D0EC-43EB-4551-9CFA-FBEC19A7F0DB}.Release|Any CPU.ActiveCfg = Release|Any CPU
		{ED21D0EC-43EB-4551-9CFA-FBEC19A7F0DB}.Release|Any CPU.Build.0 = Release|Any CPU
		{DC2AAD67-65B5-43BD-B391-15A77E1FF610}.Debug|Any CPU.ActiveCfg = Debug|Any CPU
		{DC2AAD67-65B5-43BD-B391-15A77E1FF610}.Debug|Any CPU.Build.0 = Debug|Any CPU
		{DC2AAD67-65B5-43BD-B391-15A77E1FF610}.Release|Any CPU.ActiveCfg = Release|Any CPU
		{DC2AAD67-65B5-43BD-B391-15A77E1FF610}.Release|Any CPU.Build.0 = Release|Any CPU
		{BF1880B9-95E3-4DFA-A4B5-C7B60CCE9811}.Debug|Any CPU.ActiveCfg = Debug|Any CPU
		{BF1880B9-95E3-4DFA-A4B5-C7B60CCE9811}.Debug|Any CPU.Build.0 = Debug|Any CPU
		{BF1880B9-95E3-4DFA-A4B5-C7B60CCE9811}.Release|Any CPU.ActiveCfg = Release|Any CPU
		{BF1880B9-95E3-4DFA-A4B5-C7B60CCE9811}.Release|Any CPU.Build.0 = Release|Any CPU
		{ACD03CC2-FAED-444C-B696-72783A5D4F27}.Debug|Any CPU.ActiveCfg = Debug|Any CPU
		{ACD03CC2-FAED-444C-B696-72783A5D4F27}.Debug|Any CPU.Build.0 = Debug|Any CPU
		{ACD03CC2-FAED-444C-B696-72783A5D4F27}.Release|Any CPU.ActiveCfg = Release|Any CPU
		{ACD03CC2-FAED-444C-B696-72783A5D4F27}.Release|Any CPU.Build.0 = Release|Any CPU
		{60B6087E-2BA0-413B-9AE4-3A1F15374D5C}.Debug|Any CPU.ActiveCfg = Debug|Any CPU
		{60B6087E-2BA0-413B-9AE4-3A1F15374D5C}.Debug|Any CPU.Build.0 = Debug|Any CPU
		{60B6087E-2BA0-413B-9AE4-3A1F15374D5C}.Release|Any CPU.ActiveCfg = Release|Any CPU
		{60B6087E-2BA0-413B-9AE4-3A1F15374D5C}.Release|Any CPU.Build.0 = Release|Any CPU
		{838D1D97-D63C-40A3-B46E-8E7B62006DCA}.Debug|Any CPU.ActiveCfg = Debug|Any CPU
		{838D1D97-D63C-40A3-B46E-8E7B62006DCA}.Debug|Any CPU.Build.0 = Debug|Any CPU
		{838D1D97-D63C-40A3-B46E-8E7B62006DCA}.Release|Any CPU.ActiveCfg = Release|Any CPU
		{838D1D97-D63C-40A3-B46E-8E7B62006DCA}.Release|Any CPU.Build.0 = Release|Any CPU
		{CF42F0A4-C3C6-4BDC-ABBA-BCF77C4D33C6}.Debug|Any CPU.ActiveCfg = Debug|Any CPU
		{CF42F0A4-C3C6-4BDC-ABBA-BCF77C4D33C6}.Debug|Any CPU.Build.0 = Debug|Any CPU
		{CF42F0A4-C3C6-4BDC-ABBA-BCF77C4D33C6}.Release|Any CPU.ActiveCfg = Release|Any CPU
		{CF42F0A4-C3C6-4BDC-ABBA-BCF77C4D33C6}.Release|Any CPU.Build.0 = Release|Any CPU
		{73E6939C-D1D0-465D-A0F6-00CB959349EF}.Debug|Any CPU.ActiveCfg = Debug|Any CPU
		{73E6939C-D1D0-465D-A0F6-00CB959349EF}.Debug|Any CPU.Build.0 = Debug|Any CPU
		{73E6939C-D1D0-465D-A0F6-00CB959349EF}.Release|Any CPU.ActiveCfg = Release|Any CPU
		{73E6939C-D1D0-465D-A0F6-00CB959349EF}.Release|Any CPU.Build.0 = Release|Any CPU
		{010FC673-C229-497E-87FF-DBC3FC5001EF}.Debug|Any CPU.ActiveCfg = Debug|Any CPU
		{010FC673-C229-497E-87FF-DBC3FC5001EF}.Debug|Any CPU.Build.0 = Debug|Any CPU
		{010FC673-C229-497E-87FF-DBC3FC5001EF}.Release|Any CPU.ActiveCfg = Release|Any CPU
		{010FC673-C229-497E-87FF-DBC3FC5001EF}.Release|Any CPU.Build.0 = Release|Any CPU
		{775AA2D9-363F-4303-BEA3-8C8E1A2E06EE}.Debug|Any CPU.ActiveCfg = Debug|Any CPU
		{775AA2D9-363F-4303-BEA3-8C8E1A2E06EE}.Debug|Any CPU.Build.0 = Debug|Any CPU
		{775AA2D9-363F-4303-BEA3-8C8E1A2E06EE}.Release|Any CPU.ActiveCfg = Release|Any CPU
		{775AA2D9-363F-4303-BEA3-8C8E1A2E06EE}.Release|Any CPU.Build.0 = Release|Any CPU
		{87308F04-109E-4B98-AA22-B958F968E4A8}.Debug|Any CPU.ActiveCfg = Debug|Any CPU
		{87308F04-109E-4B98-AA22-B958F968E4A8}.Debug|Any CPU.Build.0 = Debug|Any CPU
		{87308F04-109E-4B98-AA22-B958F968E4A8}.Release|Any CPU.ActiveCfg = Release|Any CPU
		{87308F04-109E-4B98-AA22-B958F968E4A8}.Release|Any CPU.Build.0 = Release|Any CPU
		{4E546CC5-B7A1-4C0F-B740-E8E1DFC5D379}.Debug|Any CPU.ActiveCfg = Debug|Any CPU
		{4E546CC5-B7A1-4C0F-B740-E8E1DFC5D379}.Debug|Any CPU.Build.0 = Debug|Any CPU
		{4E546CC5-B7A1-4C0F-B740-E8E1DFC5D379}.Release|Any CPU.ActiveCfg = Release|Any CPU
		{4E546CC5-B7A1-4C0F-B740-E8E1DFC5D379}.Release|Any CPU.Build.0 = Release|Any CPU
	EndGlobalSection
	GlobalSection(SolutionProperties) = preSolution
		HideSolutionNode = FALSE
	EndGlobalSection
	GlobalSection(ExtensibilityGlobals) = postSolution
		SolutionGuid = {36DA744D-5C0A-46E5-8FCA-5EB08C1908CF}
	EndGlobalSection
EndGlobal
