
Microsoft Visual Studio Solution File, Format Version 12.00
# Visual Studio 15
VisualStudioVersion = 15.0.28307.645
MinimumVisualStudioVersion = 10.0.40219.1
Project("{FAE04EC0-301F-11D3-BF4B-00C04F79EFBC}") = "DataAcces", "..\DataAcces\DataAcces.csproj", "{14B4DB12-165B-4595-ADFF-3FF18BBB97D3}"
EndProject
Project("{FAE04EC0-301F-11D3-BF4B-00C04F79EFBC}") = "Presentation", "..\Presentation\Presentation.csproj", "{D014CCB8-D4FC-4C80-8FA3-243250E1435A}"
EndProject
Project("{FAE04EC0-301F-11D3-BF4B-00C04F79EFBC}") = "Domain", "..\Domain\Domain.csproj", "{F2281E6C-FC5A-4768-AEEB-8209FFE1946E}"
EndProject
Project("{2150E333-8FDC-42A3-9474-1A3956D46DE8}") = "Logistika360.ERP.AS", "Logistika360.ERP.AS", "{3656004B-2656-4775-8EE4-2988B4383AF3}"
EndProject
Project("{FAE04EC0-301F-11D3-BF4B-00C04F79EFBC}") = "Logistika36.ERP.AS.DataAcces", "..\Logistika36.ERP.AS.DataAcces\Logistika36.ERP.AS.DataAcces.csproj", "{30D96C02-1F36-4ABB-881F-D3B363A1B01A}"
EndProject
Project("{FAE04EC0-301F-11D3-BF4B-00C04F79EFBC}") = "Logistika360.ERP.AS.Domain", "..\Logistika360.ERP.AS.Domain\Logistika360.ERP.AS.Domain.csproj", "{3DD4748F-0724-48E7-8959-2404B1EAF922}"
EndProject
Project("{FAE04EC0-301F-11D3-BF4B-00C04F79EFBC}") = "Logistika360.ERP.AS.Presentacion", "..\Logistika360.ERP.AS.Presentacion\Logistika360.ERP.AS.Presentacion.csproj", "{45C64359-8CBF-4B86-981B-47E2E191E286}"
EndProject
Project("{FAE04EC0-301F-11D3-BF4B-00C04F79EFBC}") = "Logistika360.ERP.AS.Cammon", "..\Logistika360.ERP.AS.Cammon\Logistika360.ERP.AS.Cammon.csproj", "{B4AF7781-C48A-4465-B79F-27E020AF2BBB}"
EndProject
Project("{2150E333-8FDC-42A3-9474-1A3956D46DE8}") = "Logistika360.ERP.FA", "Logistika360.ERP.FA", "{C1296F1C-BB8C-4C40-B9B4-3F69D48B07E1}"
EndProject
Project("{FAE04EC0-301F-11D3-BF4B-00C04F79EFBC}") = "Logistika360.ERP.FA.Cammon", "..\Logistika360.ERP.FA.Cammon\Logistika360.ERP.FA.Cammon.csproj", "{4234355C-1E19-4C0B-B322-E7A1AB1758F7}"
EndProject
Project("{FAE04EC0-301F-11D3-BF4B-00C04F79EFBC}") = "Logistika360.ERP.FA.DataAcces", "..\Logistika360.ERP.FA.DataAcces\Logistika360.ERP.FA.DataAcces.csproj", "{E8F02248-3D43-4E50-A24D-F0CF93A19F4C}"
EndProject
Project("{FAE04EC0-301F-11D3-BF4B-00C04F79EFBC}") = "Logistika360.ERP.FA.Domain", "..\Logistika360.ERP.FA.Domain\Logistika360.ERP.FA.Domain.csproj", "{EAEC2D1B-AFB0-4C64-A0CA-C79700010D6E}"
EndProject
Project("{FAE04EC0-301F-11D3-BF4B-00C04F79EFBC}") = "Logistika360.ERP.FA.Presentation", "..\Logistika360.ERP.FA.Presentation\Logistika360.ERP.FA.Presentation.csproj", "{3097B004-E469-450A-AA27-2187782BB4CC}"
EndProject
Project("{2150E333-8FDC-42A3-9474-1A3956D46DE8}") = "Logistika360.ERP.CI", "Logistika360.ERP.CI", "{EB362226-256D-45BC-B657-A8797327E6F0}"
EndProject
Project("{FAE04EC0-301F-11D3-BF4B-00C04F79EFBC}") = "Logistika360.ERP.CI.Cammon", "..\Logistika360.ERP.CI.Cammon\Logistika360.ERP.CI.Cammon.csproj", "{57A71BEE-6ADA-4E89-B180-4B399D8C6EA0}"
EndProject
Project("{FAE04EC0-301F-11D3-BF4B-00C04F79EFBC}") = "Logistika360.ERP.CI.DataAccess", "..\Logistika360.ERP.CI.DataAccess\Logistika360.ERP.CI.DataAccess.csproj", "{7F722FE5-84E9-4353-A61E-BA2B2D8740CB}"
EndProject
Project("{FAE04EC0-301F-11D3-BF4B-00C04F79EFBC}") = "Logistika360.ERP.CI.Domain", "..\Logistika360.ERP.CI.Domain\Logistika360.ERP.CI.Domain.csproj", "{9831F845-ED31-4EF2-8BD1-BB65642608A2}"
EndProject
Project("{FAE04EC0-301F-11D3-BF4B-00C04F79EFBC}") = "Logistika360.ERP.CI.Presentation", "..\Logistika360.ERP.CI.Presentation\Logistika360.ERP.CI.Presentation.csproj", "{333924BF-A3FD-4BB3-A5A0-4F6B0748E686}"
EndProject
Global
	GlobalSection(SolutionConfigurationPlatforms) = preSolution
		Debug|Any CPU = Debug|Any CPU
		Release|Any CPU = Release|Any CPU
	EndGlobalSection
	GlobalSection(ProjectConfigurationPlatforms) = postSolution
		{14B4DB12-165B-4595-ADFF-3FF18BBB97D3}.Debug|Any CPU.ActiveCfg = Debug|Any CPU
		{14B4DB12-165B-4595-ADFF-3FF18BBB97D3}.Debug|Any CPU.Build.0 = Debug|Any CPU
		{14B4DB12-165B-4595-ADFF-3FF18BBB97D3}.Release|Any CPU.ActiveCfg = Release|Any CPU
		{14B4DB12-165B-4595-ADFF-3FF18BBB97D3}.Release|Any CPU.Build.0 = Release|Any CPU
		{D014CCB8-D4FC-4C80-8FA3-243250E1435A}.Debug|Any CPU.ActiveCfg = Debug|Any CPU
		{D014CCB8-D4FC-4C80-8FA3-243250E1435A}.Debug|Any CPU.Build.0 = Debug|Any CPU
		{D014CCB8-D4FC-4C80-8FA3-243250E1435A}.Release|Any CPU.ActiveCfg = Release|Any CPU
		{D014CCB8-D4FC-4C80-8FA3-243250E1435A}.Release|Any CPU.Build.0 = Release|Any CPU
		{F2281E6C-FC5A-4768-AEEB-8209FFE1946E}.Debug|Any CPU.ActiveCfg = Debug|Any CPU
		{F2281E6C-FC5A-4768-AEEB-8209FFE1946E}.Debug|Any CPU.Build.0 = Debug|Any CPU
		{F2281E6C-FC5A-4768-AEEB-8209FFE1946E}.Release|Any CPU.ActiveCfg = Release|Any CPU
		{F2281E6C-FC5A-4768-AEEB-8209FFE1946E}.Release|Any CPU.Build.0 = Release|Any CPU
		{30D96C02-1F36-4ABB-881F-D3B363A1B01A}.Debug|Any CPU.ActiveCfg = Debug|Any CPU
		{30D96C02-1F36-4ABB-881F-D3B363A1B01A}.Debug|Any CPU.Build.0 = Debug|Any CPU
		{30D96C02-1F36-4ABB-881F-D3B363A1B01A}.Release|Any CPU.ActiveCfg = Release|Any CPU
		{30D96C02-1F36-4ABB-881F-D3B363A1B01A}.Release|Any CPU.Build.0 = Release|Any CPU
		{3DD4748F-0724-48E7-8959-2404B1EAF922}.Debug|Any CPU.ActiveCfg = Debug|Any CPU
		{3DD4748F-0724-48E7-8959-2404B1EAF922}.Debug|Any CPU.Build.0 = Debug|Any CPU
		{3DD4748F-0724-48E7-8959-2404B1EAF922}.Release|Any CPU.ActiveCfg = Release|Any CPU
		{3DD4748F-0724-48E7-8959-2404B1EAF922}.Release|Any CPU.Build.0 = Release|Any CPU
		{45C64359-8CBF-4B86-981B-47E2E191E286}.Debug|Any CPU.ActiveCfg = Debug|Any CPU
		{45C64359-8CBF-4B86-981B-47E2E191E286}.Debug|Any CPU.Build.0 = Debug|Any CPU
		{45C64359-8CBF-4B86-981B-47E2E191E286}.Release|Any CPU.ActiveCfg = Release|Any CPU
		{45C64359-8CBF-4B86-981B-47E2E191E286}.Release|Any CPU.Build.0 = Release|Any CPU
		{B4AF7781-C48A-4465-B79F-27E020AF2BBB}.Debug|Any CPU.ActiveCfg = Debug|Any CPU
		{B4AF7781-C48A-4465-B79F-27E020AF2BBB}.Debug|Any CPU.Build.0 = Debug|Any CPU
		{B4AF7781-C48A-4465-B79F-27E020AF2BBB}.Release|Any CPU.ActiveCfg = Release|Any CPU
		{B4AF7781-C48A-4465-B79F-27E020AF2BBB}.Release|Any CPU.Build.0 = Release|Any CPU
		{4234355C-1E19-4C0B-B322-E7A1AB1758F7}.Debug|Any CPU.ActiveCfg = Debug|Any CPU
		{4234355C-1E19-4C0B-B322-E7A1AB1758F7}.Debug|Any CPU.Build.0 = Debug|Any CPU
		{4234355C-1E19-4C0B-B322-E7A1AB1758F7}.Release|Any CPU.ActiveCfg = Release|Any CPU
		{4234355C-1E19-4C0B-B322-E7A1AB1758F7}.Release|Any CPU.Build.0 = Release|Any CPU
		{E8F02248-3D43-4E50-A24D-F0CF93A19F4C}.Debug|Any CPU.ActiveCfg = Debug|Any CPU
		{E8F02248-3D43-4E50-A24D-F0CF93A19F4C}.Debug|Any CPU.Build.0 = Debug|Any CPU
		{E8F02248-3D43-4E50-A24D-F0CF93A19F4C}.Release|Any CPU.ActiveCfg = Release|Any CPU
		{E8F02248-3D43-4E50-A24D-F0CF93A19F4C}.Release|Any CPU.Build.0 = Release|Any CPU
		{EAEC2D1B-AFB0-4C64-A0CA-C79700010D6E}.Debug|Any CPU.ActiveCfg = Debug|Any CPU
		{EAEC2D1B-AFB0-4C64-A0CA-C79700010D6E}.Debug|Any CPU.Build.0 = Debug|Any CPU
		{EAEC2D1B-AFB0-4C64-A0CA-C79700010D6E}.Release|Any CPU.ActiveCfg = Release|Any CPU
		{EAEC2D1B-AFB0-4C64-A0CA-C79700010D6E}.Release|Any CPU.Build.0 = Release|Any CPU
		{3097B004-E469-450A-AA27-2187782BB4CC}.Debug|Any CPU.ActiveCfg = Debug|Any CPU
		{3097B004-E469-450A-AA27-2187782BB4CC}.Debug|Any CPU.Build.0 = Debug|Any CPU
		{3097B004-E469-450A-AA27-2187782BB4CC}.Release|Any CPU.ActiveCfg = Release|Any CPU
		{3097B004-E469-450A-AA27-2187782BB4CC}.Release|Any CPU.Build.0 = Release|Any CPU
		{57A71BEE-6ADA-4E89-B180-4B399D8C6EA0}.Debug|Any CPU.ActiveCfg = Debug|Any CPU
		{57A71BEE-6ADA-4E89-B180-4B399D8C6EA0}.Debug|Any CPU.Build.0 = Debug|Any CPU
		{57A71BEE-6ADA-4E89-B180-4B399D8C6EA0}.Release|Any CPU.ActiveCfg = Release|Any CPU
		{57A71BEE-6ADA-4E89-B180-4B399D8C6EA0}.Release|Any CPU.Build.0 = Release|Any CPU
		{7F722FE5-84E9-4353-A61E-BA2B2D8740CB}.Debug|Any CPU.ActiveCfg = Debug|Any CPU
		{7F722FE5-84E9-4353-A61E-BA2B2D8740CB}.Debug|Any CPU.Build.0 = Debug|Any CPU
		{7F722FE5-84E9-4353-A61E-BA2B2D8740CB}.Release|Any CPU.ActiveCfg = Release|Any CPU
		{7F722FE5-84E9-4353-A61E-BA2B2D8740CB}.Release|Any CPU.Build.0 = Release|Any CPU
		{9831F845-ED31-4EF2-8BD1-BB65642608A2}.Debug|Any CPU.ActiveCfg = Debug|Any CPU
		{9831F845-ED31-4EF2-8BD1-BB65642608A2}.Debug|Any CPU.Build.0 = Debug|Any CPU
		{9831F845-ED31-4EF2-8BD1-BB65642608A2}.Release|Any CPU.ActiveCfg = Release|Any CPU
		{9831F845-ED31-4EF2-8BD1-BB65642608A2}.Release|Any CPU.Build.0 = Release|Any CPU
		{333924BF-A3FD-4BB3-A5A0-4F6B0748E686}.Debug|Any CPU.ActiveCfg = Debug|Any CPU
		{333924BF-A3FD-4BB3-A5A0-4F6B0748E686}.Debug|Any CPU.Build.0 = Debug|Any CPU
		{333924BF-A3FD-4BB3-A5A0-4F6B0748E686}.Release|Any CPU.ActiveCfg = Release|Any CPU
		{333924BF-A3FD-4BB3-A5A0-4F6B0748E686}.Release|Any CPU.Build.0 = Release|Any CPU
	EndGlobalSection
	GlobalSection(SolutionProperties) = preSolution
		HideSolutionNode = FALSE
	EndGlobalSection
	GlobalSection(NestedProjects) = preSolution
		{30D96C02-1F36-4ABB-881F-D3B363A1B01A} = {3656004B-2656-4775-8EE4-2988B4383AF3}
		{3DD4748F-0724-48E7-8959-2404B1EAF922} = {3656004B-2656-4775-8EE4-2988B4383AF3}
		{45C64359-8CBF-4B86-981B-47E2E191E286} = {3656004B-2656-4775-8EE4-2988B4383AF3}
		{B4AF7781-C48A-4465-B79F-27E020AF2BBB} = {3656004B-2656-4775-8EE4-2988B4383AF3}
		{4234355C-1E19-4C0B-B322-E7A1AB1758F7} = {C1296F1C-BB8C-4C40-B9B4-3F69D48B07E1}
		{E8F02248-3D43-4E50-A24D-F0CF93A19F4C} = {C1296F1C-BB8C-4C40-B9B4-3F69D48B07E1}
		{EAEC2D1B-AFB0-4C64-A0CA-C79700010D6E} = {C1296F1C-BB8C-4C40-B9B4-3F69D48B07E1}
		{3097B004-E469-450A-AA27-2187782BB4CC} = {C1296F1C-BB8C-4C40-B9B4-3F69D48B07E1}
		{57A71BEE-6ADA-4E89-B180-4B399D8C6EA0} = {EB362226-256D-45BC-B657-A8797327E6F0}
		{7F722FE5-84E9-4353-A61E-BA2B2D8740CB} = {EB362226-256D-45BC-B657-A8797327E6F0}
		{9831F845-ED31-4EF2-8BD1-BB65642608A2} = {EB362226-256D-45BC-B657-A8797327E6F0}
		{333924BF-A3FD-4BB3-A5A0-4F6B0748E686} = {EB362226-256D-45BC-B657-A8797327E6F0}
	EndGlobalSection
	GlobalSection(ExtensibilityGlobals) = postSolution
		SolutionGuid = {51491C1A-E94F-4962-AA76-5699C895B599}
	EndGlobalSection
EndGlobal
